
Microsoft Visual Studio Solution File, Format Version 12.00
# Visual Studio 15
VisualStudioVersion = 15.0.27130.2010
MinimumVisualStudioVersion = 10.0.40219.1
Project("{FAE04EC0-301F-11D3-BF4B-00C04F79EFBC}") = "OpenCLforNetSample", "OpenCLforNetSample\OpenCLforNetSample.csproj", "{249EFCDC-67F8-4C10-8FE4-D09BCA6BDD12}"
EndProject
Project("{FAE04EC0-301F-11D3-BF4B-00C04F79EFBC}") = "OpenCLforNet", "OpenCLforNet\OpenCLforNet.csproj", "{A114684B-8338-43B8-A042-A4FBB9250F92}"
EndProject
Global
	GlobalSection(SolutionConfigurationPlatforms) = preSolution
		Debug|Any CPU = Debug|Any CPU
		Release|Any CPU = Release|Any CPU
	EndGlobalSection
	GlobalSection(ProjectConfigurationPlatforms) = postSolution
		{249EFCDC-67F8-4C10-8FE4-D09BCA6BDD12}.Debug|Any CPU.ActiveCfg = Debug|Any CPU
		{249EFCDC-67F8-4C10-8FE4-D09BCA6BDD12}.Debug|Any CPU.Build.0 = Debug|Any CPU
		{249EFCDC-67F8-4C10-8FE4-D09BCA6BDD12}.Release|Any CPU.ActiveCfg = Release|Any CPU
		{249EFCDC-67F8-4C10-8FE4-D09BCA6BDD12}.Release|Any CPU.Build.0 = Release|Any CPU
		{A114684B-8338-43B8-A042-A4FBB9250F92}.Debug|Any CPU.ActiveCfg = Debug|Any CPU
		{A114684B-8338-43B8-A042-A4FBB9250F92}.Debug|Any CPU.Build.0 = Debug|Any CPU
		{A114684B-8338-43B8-A042-A4FBB9250F92}.Release|Any CPU.ActiveCfg = Release|Any CPU
		{A114684B-8338-43B8-A042-A4FBB9250F92}.Release|Any CPU.Build.0 = Release|Any CPU
	EndGlobalSection
	GlobalSection(SolutionProperties) = preSolution
		HideSolutionNode = FALSE
	EndGlobalSection
	GlobalSection(ExtensibilityGlobals) = postSolution
		SolutionGuid = {A389E1F6-4D86-4604-AE6C-DC1F16042369}
	EndGlobalSection
EndGlobal
